// !$*UTF8*$!
{
	archiveVersion = 1;
	classes = {
	};
	objectVersion = 50;
	objects = {

/* Begin PBXBuildFile section */
		22533BECA98AB4A582FF59D2 /* Pods_AutismUITests.framework in Frameworks */ = {isa = PBXBuildFile; fileRef = ADE826F68A8F5A11E7412F11 /* Pods_AutismUITests.framework */; };
		5D214E9C1B3632831851DE33 /* Pods_Autism.framework in Frameworks */ = {isa = PBXBuildFile; fileRef = D3EBC84404AA56A09B527FC2 /* Pods_Autism.framework */; };
		6AEA14F9BAD581BFDCC7FE4C /* Pods_AutismTests.framework in Frameworks */ = {isa = PBXBuildFile; fileRef = C51266568AD0D2A870C065D9 /* Pods_AutismTests.framework */; };
		812C40FD22462AB100C70158 /* LessonsCollectionViewCell.swift in Sources */ = {isa = PBXBuildFile; fileRef = 812C40FC22462AB100C70158 /* LessonsCollectionViewCell.swift */; };
		812C40FF2246303E00C70158 /* LiveLessonViewController.swift in Sources */ = {isa = PBXBuildFile; fileRef = 812C40FE2246303E00C70158 /* LiveLessonViewController.swift */; };
		812E1E51224651A500497396 /* Final Video.mp4 in Resources */ = {isa = PBXBuildFile; fileRef = 812C410022464F5F00C70158 /* Final Video.mp4 */; };
		817CB1F122475B7200E28DD5 /* DrawViewController.swift in Sources */ = {isa = PBXBuildFile; fileRef = 817CB1F022475B7200E28DD5 /* DrawViewController.swift */; };
		81CBDCD722458F3F00DDA96C /* light.otf in Resources */ = {isa = PBXBuildFile; fileRef = 81CBDCD122458F3E00DDA96C /* light.otf */; };
		81CBDCD822458F3F00DDA96C /* medium.otf in Resources */ = {isa = PBXBuildFile; fileRef = 81CBDCD222458F3E00DDA96C /* medium.otf */; };
		81CBDCD922458F3F00DDA96C /* bold.otf in Resources */ = {isa = PBXBuildFile; fileRef = 81CBDCD322458F3E00DDA96C /* bold.otf */; };
		81CBDCDA22458F3F00DDA96C /* thin.otf in Resources */ = {isa = PBXBuildFile; fileRef = 81CBDCD422458F3E00DDA96C /* thin.otf */; };
		81CBDCDB22458F3F00DDA96C /* semibold.otf in Resources */ = {isa = PBXBuildFile; fileRef = 81CBDCD522458F3F00DDA96C /* semibold.otf */; };
		81CBDCDC22458F3F00DDA96C /* regular.otf in Resources */ = {isa = PBXBuildFile; fileRef = 81CBDCD622458F3F00DDA96C /* regular.otf */; };
		81F93AFA224573FA0010C2BF /* AppDelegate.swift in Sources */ = {isa = PBXBuildFile; fileRef = 81F93AF9224573FA0010C2BF /* AppDelegate.swift */; };
		81F93AFC224573FA0010C2BF /* ViewController.swift in Sources */ = {isa = PBXBuildFile; fileRef = 81F93AFB224573FA0010C2BF /* ViewController.swift */; };
		81F93AFF224573FA0010C2BF /* Main.storyboard in Resources */ = {isa = PBXBuildFile; fileRef = 81F93AFD224573FA0010C2BF /* Main.storyboard */; };
		81F93B02224573FA0010C2BF /* Autism.xcdatamodeld in Sources */ = {isa = PBXBuildFile; fileRef = 81F93B00224573FA0010C2BF /* Autism.xcdatamodeld */; };
		81F93B04224573FB0010C2BF /* Assets.xcassets in Resources */ = {isa = PBXBuildFile; fileRef = 81F93B03224573FB0010C2BF /* Assets.xcassets */; };
		81F93B07224573FB0010C2BF /* LaunchScreen.storyboard in Resources */ = {isa = PBXBuildFile; fileRef = 81F93B05224573FB0010C2BF /* LaunchScreen.storyboard */; };
		81F93B12224573FC0010C2BF /* AutismTests.swift in Sources */ = {isa = PBXBuildFile; fileRef = 81F93B11224573FC0010C2BF /* AutismTests.swift */; };
		81F93B1D224573FC0010C2BF /* AutismUITests.swift in Sources */ = {isa = PBXBuildFile; fileRef = 81F93B1C224573FC0010C2BF /* AutismUITests.swift */; };
		81F93B2B224583C20010C2BF /* DataHandler.swift in Sources */ = {isa = PBXBuildFile; fileRef = 81F93B2A224583C20010C2BF /* DataHandler.swift */; };
		81F93B2D22458C450010C2BF /* LandingViewController.swift in Sources */ = {isa = PBXBuildFile; fileRef = 81F93B2C22458C450010C2BF /* LandingViewController.swift */; };
/* End PBXBuildFile section */

/* Begin PBXContainerItemProxy section */
		81F93B0E224573FC0010C2BF /* PBXContainerItemProxy */ = {
			isa = PBXContainerItemProxy;
			containerPortal = 81F93AEE224573FA0010C2BF /* Project object */;
			proxyType = 1;
			remoteGlobalIDString = 81F93AF5224573FA0010C2BF;
			remoteInfo = Autism;
		};
		81F93B19224573FC0010C2BF /* PBXContainerItemProxy */ = {
			isa = PBXContainerItemProxy;
			containerPortal = 81F93AEE224573FA0010C2BF /* Project object */;
			proxyType = 1;
			remoteGlobalIDString = 81F93AF5224573FA0010C2BF;
			remoteInfo = Autism;
		};
/* End PBXContainerItemProxy section */

/* Begin PBXFileReference section */
		24B530E1B6C2666B705809C6 /* Pods-AutismUITests.release.xcconfig */ = {isa = PBXFileReference; includeInIndex = 1; lastKnownFileType = text.xcconfig; name = "Pods-AutismUITests.release.xcconfig"; path = "Pods/Target Support Files/Pods-AutismUITests/Pods-AutismUITests.release.xcconfig"; sourceTree = "<group>"; };
		812C40FC22462AB100C70158 /* LessonsCollectionViewCell.swift */ = {isa = PBXFileReference; lastKnownFileType = sourcecode.swift; path = LessonsCollectionViewCell.swift; sourceTree = "<group>"; };
		812C40FE2246303E00C70158 /* LiveLessonViewController.swift */ = {isa = PBXFileReference; lastKnownFileType = sourcecode.swift; path = LiveLessonViewController.swift; sourceTree = "<group>"; };
		812C410022464F5F00C70158 /* Final Video.mp4 */ = {isa = PBXFileReference; lastKnownFileType = file; path = "Final Video.mp4"; sourceTree = "<group>"; };
		817CB1F022475B7200E28DD5 /* DrawViewController.swift */ = {isa = PBXFileReference; lastKnownFileType = sourcecode.swift; path = DrawViewController.swift; sourceTree = "<group>"; };
		81CBDCD122458F3E00DDA96C /* light.otf */ = {isa = PBXFileReference; lastKnownFileType = file; path = light.otf; sourceTree = "<group>"; };
		81CBDCD222458F3E00DDA96C /* medium.otf */ = {isa = PBXFileReference; lastKnownFileType = file; path = medium.otf; sourceTree = "<group>"; };
		81CBDCD322458F3E00DDA96C /* bold.otf */ = {isa = PBXFileReference; lastKnownFileType = file; path = bold.otf; sourceTree = "<group>"; };
		81CBDCD422458F3E00DDA96C /* thin.otf */ = {isa = PBXFileReference; lastKnownFileType = file; path = thin.otf; sourceTree = "<group>"; };
		81CBDCD522458F3F00DDA96C /* semibold.otf */ = {isa = PBXFileReference; lastKnownFileType = file; path = semibold.otf; sourceTree = "<group>"; };
		81CBDCD622458F3F00DDA96C /* regular.otf */ = {isa = PBXFileReference; lastKnownFileType = file; path = regular.otf; sourceTree = "<group>"; };
		81F93AF6224573FA0010C2BF /* Autism.app */ = {isa = PBXFileReference; explicitFileType = wrapper.application; includeInIndex = 0; path = Autism.app; sourceTree = BUILT_PRODUCTS_DIR; };
		81F93AF9224573FA0010C2BF /* AppDelegate.swift */ = {isa = PBXFileReference; lastKnownFileType = sourcecode.swift; path = AppDelegate.swift; sourceTree = "<group>"; };
		81F93AFB224573FA0010C2BF /* ViewController.swift */ = {isa = PBXFileReference; lastKnownFileType = sourcecode.swift; path = ViewController.swift; sourceTree = "<group>"; };
		81F93AFE224573FA0010C2BF /* Base */ = {isa = PBXFileReference; lastKnownFileType = file.storyboard; name = Base; path = Base.lproj/Main.storyboard; sourceTree = "<group>"; };
		81F93B01224573FA0010C2BF /* Autism.xcdatamodel */ = {isa = PBXFileReference; lastKnownFileType = wrapper.xcdatamodel; path = Autism.xcdatamodel; sourceTree = "<group>"; };
		81F93B03224573FB0010C2BF /* Assets.xcassets */ = {isa = PBXFileReference; lastKnownFileType = folder.assetcatalog; path = Assets.xcassets; sourceTree = "<group>"; };
		81F93B06224573FB0010C2BF /* Base */ = {isa = PBXFileReference; lastKnownFileType = file.storyboard; name = Base; path = Base.lproj/LaunchScreen.storyboard; sourceTree = "<group>"; };
		81F93B08224573FB0010C2BF /* Info.plist */ = {isa = PBXFileReference; lastKnownFileType = text.plist.xml; path = Info.plist; sourceTree = "<group>"; };
		81F93B0D224573FC0010C2BF /* AutismTests.xctest */ = {isa = PBXFileReference; explicitFileType = wrapper.cfbundle; includeInIndex = 0; path = AutismTests.xctest; sourceTree = BUILT_PRODUCTS_DIR; };
		81F93B11224573FC0010C2BF /* AutismTests.swift */ = {isa = PBXFileReference; lastKnownFileType = sourcecode.swift; path = AutismTests.swift; sourceTree = "<group>"; };
		81F93B13224573FC0010C2BF /* Info.plist */ = {isa = PBXFileReference; lastKnownFileType = text.plist.xml; path = Info.plist; sourceTree = "<group>"; };
		81F93B18224573FC0010C2BF /* AutismUITests.xctest */ = {isa = PBXFileReference; explicitFileType = wrapper.cfbundle; includeInIndex = 0; path = AutismUITests.xctest; sourceTree = BUILT_PRODUCTS_DIR; };
		81F93B1C224573FC0010C2BF /* AutismUITests.swift */ = {isa = PBXFileReference; lastKnownFileType = sourcecode.swift; path = AutismUITests.swift; sourceTree = "<group>"; };
		81F93B1E224573FC0010C2BF /* Info.plist */ = {isa = PBXFileReference; lastKnownFileType = text.plist.xml; path = Info.plist; sourceTree = "<group>"; };
		81F93B2A224583C20010C2BF /* DataHandler.swift */ = {isa = PBXFileReference; lastKnownFileType = sourcecode.swift; path = DataHandler.swift; sourceTree = "<group>"; };
		81F93B2C22458C450010C2BF /* LandingViewController.swift */ = {isa = PBXFileReference; lastKnownFileType = sourcecode.swift; path = LandingViewController.swift; sourceTree = "<group>"; };
		84FE88F4148113999455F782 /* Pods-Autism.release.xcconfig */ = {isa = PBXFileReference; includeInIndex = 1; lastKnownFileType = text.xcconfig; name = "Pods-Autism.release.xcconfig"; path = "Pods/Target Support Files/Pods-Autism/Pods-Autism.release.xcconfig"; sourceTree = "<group>"; };
		9C3A51F05034ED06FCFD80B9 /* Pods-AutismTests.debug.xcconfig */ = {isa = PBXFileReference; includeInIndex = 1; lastKnownFileType = text.xcconfig; name = "Pods-AutismTests.debug.xcconfig"; path = "Pods/Target Support Files/Pods-AutismTests/Pods-AutismTests.debug.xcconfig"; sourceTree = "<group>"; };
		ADE826F68A8F5A11E7412F11 /* Pods_AutismUITests.framework */ = {isa = PBXFileReference; explicitFileType = wrapper.framework; includeInIndex = 0; path = Pods_AutismUITests.framework; sourceTree = BUILT_PRODUCTS_DIR; };
		AF31F571CF0DC8A0FF6D1038 /* Pods-Autism.debug.xcconfig */ = {isa = PBXFileReference; includeInIndex = 1; lastKnownFileType = text.xcconfig; name = "Pods-Autism.debug.xcconfig"; path = "Pods/Target Support Files/Pods-Autism/Pods-Autism.debug.xcconfig"; sourceTree = "<group>"; };
		C51266568AD0D2A870C065D9 /* Pods_AutismTests.framework */ = {isa = PBXFileReference; explicitFileType = wrapper.framework; includeInIndex = 0; path = Pods_AutismTests.framework; sourceTree = BUILT_PRODUCTS_DIR; };
		D3EBC84404AA56A09B527FC2 /* Pods_Autism.framework */ = {isa = PBXFileReference; explicitFileType = wrapper.framework; includeInIndex = 0; path = Pods_Autism.framework; sourceTree = BUILT_PRODUCTS_DIR; };
		D6270ABFB8F5E3EAA62CE04A /* Pods-AutismUITests.debug.xcconfig */ = {isa = PBXFileReference; includeInIndex = 1; lastKnownFileType = text.xcconfig; name = "Pods-AutismUITests.debug.xcconfig"; path = "Pods/Target Support Files/Pods-AutismUITests/Pods-AutismUITests.debug.xcconfig"; sourceTree = "<group>"; };
		D8BF4200C606A6D4C83C5348 /* Pods-AutismTests.release.xcconfig */ = {isa = PBXFileReference; includeInIndex = 1; lastKnownFileType = text.xcconfig; name = "Pods-AutismTests.release.xcconfig"; path = "Pods/Target Support Files/Pods-AutismTests/Pods-AutismTests.release.xcconfig"; sourceTree = "<group>"; };
/* End PBXFileReference section */

/* Begin PBXFrameworksBuildPhase section */
		81F93AF3224573FA0010C2BF /* Frameworks */ = {
			isa = PBXFrameworksBuildPhase;
			buildActionMask = 2147483647;
			files = (
				5D214E9C1B3632831851DE33 /* Pods_Autism.framework in Frameworks */,
			);
			runOnlyForDeploymentPostprocessing = 0;
		};
		81F93B0A224573FC0010C2BF /* Frameworks */ = {
			isa = PBXFrameworksBuildPhase;
			buildActionMask = 2147483647;
			files = (
				6AEA14F9BAD581BFDCC7FE4C /* Pods_AutismTests.framework in Frameworks */,
			);
			runOnlyForDeploymentPostprocessing = 0;
		};
		81F93B15224573FC0010C2BF /* Frameworks */ = {
			isa = PBXFrameworksBuildPhase;
			buildActionMask = 2147483647;
			files = (
				22533BECA98AB4A582FF59D2 /* Pods_AutismUITests.framework in Frameworks */,
			);
			runOnlyForDeploymentPostprocessing = 0;
		};
/* End PBXFrameworksBuildPhase section */

/* Begin PBXGroup section */
		402CB352EA3538C26387FAC1 /* Frameworks */ = {
			isa = PBXGroup;
			children = (
				D3EBC84404AA56A09B527FC2 /* Pods_Autism.framework */,
				C51266568AD0D2A870C065D9 /* Pods_AutismTests.framework */,
				ADE826F68A8F5A11E7412F11 /* Pods_AutismUITests.framework */,
			);
			name = Frameworks;
			sourceTree = "<group>";
		};
		81CBDCDD22458F6A00DDA96C /* fonts */ = {
			isa = PBXGroup;
			children = (
				81CBDCD322458F3E00DDA96C /* bold.otf */,
				81CBDCD122458F3E00DDA96C /* light.otf */,
				81CBDCD222458F3E00DDA96C /* medium.otf */,
				81CBDCD622458F3F00DDA96C /* regular.otf */,
				81CBDCD522458F3F00DDA96C /* semibold.otf */,
				81CBDCD422458F3E00DDA96C /* thin.otf */,
			);
			path = fonts;
			sourceTree = "<group>";
		};
		81F93AED224573FA0010C2BF = {
			isa = PBXGroup;
			children = (
				81CBDCDD22458F6A00DDA96C /* fonts */,
				81F93AF8224573FA0010C2BF /* Autism */,
				81F93B10224573FC0010C2BF /* AutismTests */,
				81F93B1B224573FC0010C2BF /* AutismUITests */,
				81F93AF7224573FA0010C2BF /* Products */,
				A30B1EF0279BE2CE560F39E9 /* Pods */,
				402CB352EA3538C26387FAC1 /* Frameworks */,
			);
			sourceTree = "<group>";
		};
		81F93AF7224573FA0010C2BF /* Products */ = {
			isa = PBXGroup;
			children = (
				81F93AF6224573FA0010C2BF /* Autism.app */,
				81F93B0D224573FC0010C2BF /* AutismTests.xctest */,
				81F93B18224573FC0010C2BF /* AutismUITests.xctest */,
			);
			name = Products;
			sourceTree = "<group>";
		};
		81F93AF8224573FA0010C2BF /* Autism */ = {
			isa = PBXGroup;
			children = (
				81F93AF9224573FA0010C2BF /* AppDelegate.swift */,
				81F93B2C22458C450010C2BF /* LandingViewController.swift */,
				817CB1F022475B7200E28DD5 /* DrawViewController.swift */,
				812C40FC22462AB100C70158 /* LessonsCollectionViewCell.swift */,
				81F93AFD224573FA0010C2BF /* Main.storyboard */,
				81F93AFB224573FA0010C2BF /* ViewController.swift */,
				812C40FE2246303E00C70158 /* LiveLessonViewController.swift */,
				81F93B2A224583C20010C2BF /* DataHandler.swift */,
				81F93B03224573FB0010C2BF /* Assets.xcassets */,
				81F93B05224573FB0010C2BF /* LaunchScreen.storyboard */,
				81F93B08224573FB0010C2BF /* Info.plist */,
				81F93B00224573FA0010C2BF /* Autism.xcdatamodeld */,
				812C410022464F5F00C70158 /* Final Video.mp4 */,
			);
			path = Autism;
			sourceTree = "<group>";
		};
		81F93B10224573FC0010C2BF /* AutismTests */ = {
			isa = PBXGroup;
			children = (
				81F93B11224573FC0010C2BF /* AutismTests.swift */,
				81F93B13224573FC0010C2BF /* Info.plist */,
			);
			path = AutismTests;
			sourceTree = "<group>";
		};
		81F93B1B224573FC0010C2BF /* AutismUITests */ = {
			isa = PBXGroup;
			children = (
				81F93B1C224573FC0010C2BF /* AutismUITests.swift */,
				81F93B1E224573FC0010C2BF /* Info.plist */,
			);
			path = AutismUITests;
			sourceTree = "<group>";
		};
		A30B1EF0279BE2CE560F39E9 /* Pods */ = {
			isa = PBXGroup;
			children = (
				AF31F571CF0DC8A0FF6D1038 /* Pods-Autism.debug.xcconfig */,
				84FE88F4148113999455F782 /* Pods-Autism.release.xcconfig */,
				9C3A51F05034ED06FCFD80B9 /* Pods-AutismTests.debug.xcconfig */,
				D8BF4200C606A6D4C83C5348 /* Pods-AutismTests.release.xcconfig */,
				D6270ABFB8F5E3EAA62CE04A /* Pods-AutismUITests.debug.xcconfig */,
				24B530E1B6C2666B705809C6 /* Pods-AutismUITests.release.xcconfig */,
			);
			name = Pods;
			sourceTree = "<group>";
		};
/* End PBXGroup section */

/* Begin PBXNativeTarget section */
		81F93AF5224573FA0010C2BF /* Autism */ = {
			isa = PBXNativeTarget;
			buildConfigurationList = 81F93B21224573FC0010C2BF /* Build configuration list for PBXNativeTarget "Autism" */;
			buildPhases = (
				34C137C43842DEECD6C2976E /* [CP] Check Pods Manifest.lock */,
				81F93AF2224573FA0010C2BF /* Sources */,
				81F93AF3224573FA0010C2BF /* Frameworks */,
				81F93AF4224573FA0010C2BF /* Resources */,
				367F2AF473E526B6E20BE70F /* [CP] Embed Pods Frameworks */,
			);
			buildRules = (
			);
			dependencies = (
			);
			name = Autism;
			productName = Autism;
			productReference = 81F93AF6224573FA0010C2BF /* Autism.app */;
			productType = "com.apple.product-type.application";
		};
		81F93B0C224573FC0010C2BF /* AutismTests */ = {
			isa = PBXNativeTarget;
			buildConfigurationList = 81F93B24224573FC0010C2BF /* Build configuration list for PBXNativeTarget "AutismTests" */;
			buildPhases = (
				79AC8A948AFC3E3F210D8865 /* [CP] Check Pods Manifest.lock */,
				81F93B09224573FC0010C2BF /* Sources */,
				81F93B0A224573FC0010C2BF /* Frameworks */,
				81F93B0B224573FC0010C2BF /* Resources */,
			);
			buildRules = (
			);
			dependencies = (
				81F93B0F224573FC0010C2BF /* PBXTargetDependency */,
			);
			name = AutismTests;
			productName = AutismTests;
			productReference = 81F93B0D224573FC0010C2BF /* AutismTests.xctest */;
			productType = "com.apple.product-type.bundle.unit-test";
		};
		81F93B17224573FC0010C2BF /* AutismUITests */ = {
			isa = PBXNativeTarget;
			buildConfigurationList = 81F93B27224573FC0010C2BF /* Build configuration list for PBXNativeTarget "AutismUITests" */;
			buildPhases = (
				EEA7F64762464A5B335AF6AF /* [CP] Check Pods Manifest.lock */,
				81F93B14224573FC0010C2BF /* Sources */,
				81F93B15224573FC0010C2BF /* Frameworks */,
				81F93B16224573FC0010C2BF /* Resources */,
			);
			buildRules = (
			);
			dependencies = (
				81F93B1A224573FC0010C2BF /* PBXTargetDependency */,
			);
			name = AutismUITests;
			productName = AutismUITests;
			productReference = 81F93B18224573FC0010C2BF /* AutismUITests.xctest */;
			productType = "com.apple.product-type.bundle.ui-testing";
		};
/* End PBXNativeTarget section */

/* Begin PBXProject section */
		81F93AEE224573FA0010C2BF /* Project object */ = {
			isa = PBXProject;
			attributes = {
				LastSwiftUpdateCheck = 1010;
				LastUpgradeCheck = 1010;
				ORGANIZATIONNAME = "Pranav Karnani";
				TargetAttributes = {
					81F93AF5224573FA0010C2BF = {
						CreatedOnToolsVersion = 10.1;
					};
					81F93B0C224573FC0010C2BF = {
						CreatedOnToolsVersion = 10.1;
						TestTargetID = 81F93AF5224573FA0010C2BF;
					};
					81F93B17224573FC0010C2BF = {
						CreatedOnToolsVersion = 10.1;
						TestTargetID = 81F93AF5224573FA0010C2BF;
					};
				};
			};
			buildConfigurationList = 81F93AF1224573FA0010C2BF /* Build configuration list for PBXProject "DayDream" */;
			compatibilityVersion = "Xcode 9.3";
			developmentRegion = en;
			hasScannedForEncodings = 0;
			knownRegions = (
				en,
				Base,
			);
			mainGroup = 81F93AED224573FA0010C2BF;
			productRefGroup = 81F93AF7224573FA0010C2BF /* Products */;
			projectDirPath = "";
			projectRoot = "";
			targets = (
				81F93AF5224573FA0010C2BF /* Autism */,
				81F93B0C224573FC0010C2BF /* AutismTests */,
				81F93B17224573FC0010C2BF /* AutismUITests */,
			);
		};
/* End PBXProject section */

/* Begin PBXResourcesBuildPhase section */
		81F93AF4224573FA0010C2BF /* Resources */ = {
			isa = PBXResourcesBuildPhase;
			buildActionMask = 2147483647;
			files = (
				812E1E51224651A500497396 /* Final Video.mp4 in Resources */,
				81CBDCD722458F3F00DDA96C /* light.otf in Resources */,
				81CBDCD822458F3F00DDA96C /* medium.otf in Resources */,
				81CBDCD922458F3F00DDA96C /* bold.otf in Resources */,
				81CBDCDA22458F3F00DDA96C /* thin.otf in Resources */,
				81CBDCDB22458F3F00DDA96C /* semibold.otf in Resources */,
				81CBDCDC22458F3F00DDA96C /* regular.otf in Resources */,
				81F93B07224573FB0010C2BF /* LaunchScreen.storyboard in Resources */,
				81F93B04224573FB0010C2BF /* Assets.xcassets in Resources */,
				81F93AFF224573FA0010C2BF /* Main.storyboard in Resources */,
			);
			runOnlyForDeploymentPostprocessing = 0;
		};
		81F93B0B224573FC0010C2BF /* Resources */ = {
			isa = PBXResourcesBuildPhase;
			buildActionMask = 2147483647;
			files = (
			);
			runOnlyForDeploymentPostprocessing = 0;
		};
		81F93B16224573FC0010C2BF /* Resources */ = {
			isa = PBXResourcesBuildPhase;
			buildActionMask = 2147483647;
			files = (
			);
			runOnlyForDeploymentPostprocessing = 0;
		};
/* End PBXResourcesBuildPhase section */

/* Begin PBXShellScriptBuildPhase section */
		34C137C43842DEECD6C2976E /* [CP] Check Pods Manifest.lock */ = {
			isa = PBXShellScriptBuildPhase;
			buildActionMask = 2147483647;
			files = (
			);
			inputPaths = (
				"${PODS_PODFILE_DIR_PATH}/Podfile.lock",
				"${PODS_ROOT}/Manifest.lock",
			);
			name = "[CP] Check Pods Manifest.lock";
			outputPaths = (
				"$(DERIVED_FILE_DIR)/Pods-Autism-checkManifestLockResult.txt",
			);
			runOnlyForDeploymentPostprocessing = 0;
			shellPath = /bin/sh;
			shellScript = "diff \"${PODS_PODFILE_DIR_PATH}/Podfile.lock\" \"${PODS_ROOT}/Manifest.lock\" > /dev/null\nif [ $? != 0 ] ; then\n    # print error to STDERR\n    echo \"error: The sandbox is not in sync with the Podfile.lock. Run 'pod install' or update your CocoaPods installation.\" >&2\n    exit 1\nfi\n# This output is used by Xcode 'outputs' to avoid re-running this script phase.\necho \"SUCCESS\" > \"${SCRIPT_OUTPUT_FILE_0}\"\n";
			showEnvVarsInLog = 0;
		};
		367F2AF473E526B6E20BE70F /* [CP] Embed Pods Frameworks */ = {
			isa = PBXShellScriptBuildPhase;
			buildActionMask = 2147483647;
			files = (
			);
			inputPaths = (
				"${SRCROOT}/Pods/Target Support Files/Pods-Autism/Pods-Autism-frameworks.sh",
				"${BUILT_PRODUCTS_DIR}/Sketch/Sketch.framework",
				"${BUILT_PRODUCTS_DIR}/Socket.IO-Client-Swift/SocketIO.framework",
				"${BUILT_PRODUCTS_DIR}/Starscream/Starscream.framework",
				"${BUILT_PRODUCTS_DIR}/SwiftVideoBackground/SwiftVideoBackground.framework",
				"${BUILT_PRODUCTS_DIR}/SwiftyJSON/SwiftyJSON.framework",
				"${BUILT_PRODUCTS_DIR}/ViewAnimator/ViewAnimator.framework",
			);
			name = "[CP] Embed Pods Frameworks";
			outputPaths = (
				"${TARGET_BUILD_DIR}/${FRAMEWORKS_FOLDER_PATH}/Sketch.framework",
				"${TARGET_BUILD_DIR}/${FRAMEWORKS_FOLDER_PATH}/SocketIO.framework",
				"${TARGET_BUILD_DIR}/${FRAMEWORKS_FOLDER_PATH}/Starscream.framework",
				"${TARGET_BUILD_DIR}/${FRAMEWORKS_FOLDER_PATH}/SwiftVideoBackground.framework",
				"${TARGET_BUILD_DIR}/${FRAMEWORKS_FOLDER_PATH}/SwiftyJSON.framework",
				"${TARGET_BUILD_DIR}/${FRAMEWORKS_FOLDER_PATH}/ViewAnimator.framework",
			);
			runOnlyForDeploymentPostprocessing = 0;
			shellPath = /bin/sh;
			shellScript = "\"${SRCROOT}/Pods/Target Support Files/Pods-Autism/Pods-Autism-frameworks.sh\"\n";
			showEnvVarsInLog = 0;
		};
		79AC8A948AFC3E3F210D8865 /* [CP] Check Pods Manifest.lock */ = {
			isa = PBXShellScriptBuildPhase;
			buildActionMask = 2147483647;
			files = (
			);
			inputPaths = (
				"${PODS_PODFILE_DIR_PATH}/Podfile.lock",
				"${PODS_ROOT}/Manifest.lock",
			);
			name = "[CP] Check Pods Manifest.lock";
			outputPaths = (
				"$(DERIVED_FILE_DIR)/Pods-AutismTests-checkManifestLockResult.txt",
			);
			runOnlyForDeploymentPostprocessing = 0;
			shellPath = /bin/sh;
			shellScript = "diff \"${PODS_PODFILE_DIR_PATH}/Podfile.lock\" \"${PODS_ROOT}/Manifest.lock\" > /dev/null\nif [ $? != 0 ] ; then\n    # print error to STDERR\n    echo \"error: The sandbox is not in sync with the Podfile.lock. Run 'pod install' or update your CocoaPods installation.\" >&2\n    exit 1\nfi\n# This output is used by Xcode 'outputs' to avoid re-running this script phase.\necho \"SUCCESS\" > \"${SCRIPT_OUTPUT_FILE_0}\"\n";
			showEnvVarsInLog = 0;
		};
		EEA7F64762464A5B335AF6AF /* [CP] Check Pods Manifest.lock */ = {
			isa = PBXShellScriptBuildPhase;
			buildActionMask = 2147483647;
			files = (
			);
			inputPaths = (
				"${PODS_PODFILE_DIR_PATH}/Podfile.lock",
				"${PODS_ROOT}/Manifest.lock",
			);
			name = "[CP] Check Pods Manifest.lock";
			outputPaths = (
				"$(DERIVED_FILE_DIR)/Pods-AutismUITests-checkManifestLockResult.txt",
			);
			runOnlyForDeploymentPostprocessing = 0;
			shellPath = /bin/sh;
			shellScript = "diff \"${PODS_PODFILE_DIR_PATH}/Podfile.lock\" \"${PODS_ROOT}/Manifest.lock\" > /dev/null\nif [ $? != 0 ] ; then\n    # print error to STDERR\n    echo \"error: The sandbox is not in sync with the Podfile.lock. Run 'pod install' or update your CocoaPods installation.\" >&2\n    exit 1\nfi\n# This output is used by Xcode 'outputs' to avoid re-running this script phase.\necho \"SUCCESS\" > \"${SCRIPT_OUTPUT_FILE_0}\"\n";
			showEnvVarsInLog = 0;
		};
/* End PBXShellScriptBuildPhase section */

/* Begin PBXSourcesBuildPhase section */
		81F93AF2224573FA0010C2BF /* Sources */ = {
			isa = PBXSourcesBuildPhase;
			buildActionMask = 2147483647;
			files = (
				817CB1F122475B7200E28DD5 /* DrawViewController.swift in Sources */,
				81F93B2B224583C20010C2BF /* DataHandler.swift in Sources */,
				812C40FF2246303E00C70158 /* LiveLessonViewController.swift in Sources */,
				81F93B02224573FA0010C2BF /* Autism.xcdatamodeld in Sources */,
				81F93AFC224573FA0010C2BF /* ViewController.swift in Sources */,
				81F93B2D22458C450010C2BF /* LandingViewController.swift in Sources */,
				812C40FD22462AB100C70158 /* LessonsCollectionViewCell.swift in Sources */,
				81F93AFA224573FA0010C2BF /* AppDelegate.swift in Sources */,
			);
			runOnlyForDeploymentPostprocessing = 0;
		};
		81F93B09224573FC0010C2BF /* Sources */ = {
			isa = PBXSourcesBuildPhase;
			buildActionMask = 2147483647;
			files = (
				81F93B12224573FC0010C2BF /* AutismTests.swift in Sources */,
			);
			runOnlyForDeploymentPostprocessing = 0;
		};
		81F93B14224573FC0010C2BF /* Sources */ = {
			isa = PBXSourcesBuildPhase;
			buildActionMask = 2147483647;
			files = (
				81F93B1D224573FC0010C2BF /* AutismUITests.swift in Sources */,
			);
			runOnlyForDeploymentPostprocessing = 0;
		};
/* End PBXSourcesBuildPhase section */

/* Begin PBXTargetDependency section */
		81F93B0F224573FC0010C2BF /* PBXTargetDependency */ = {
			isa = PBXTargetDependency;
			target = 81F93AF5224573FA0010C2BF /* Autism */;
			targetProxy = 81F93B0E224573FC0010C2BF /* PBXContainerItemProxy */;
		};
		81F93B1A224573FC0010C2BF /* PBXTargetDependency */ = {
			isa = PBXTargetDependency;
			target = 81F93AF5224573FA0010C2BF /* Autism */;
			targetProxy = 81F93B19224573FC0010C2BF /* PBXContainerItemProxy */;
		};
/* End PBXTargetDependency section */

/* Begin PBXVariantGroup section */
		81F93AFD224573FA0010C2BF /* Main.storyboard */ = {
			isa = PBXVariantGroup;
			children = (
				81F93AFE224573FA0010C2BF /* Base */,
			);
			name = Main.storyboard;
			sourceTree = "<group>";
		};
		81F93B05224573FB0010C2BF /* LaunchScreen.storyboard */ = {
			isa = PBXVariantGroup;
			children = (
				81F93B06224573FB0010C2BF /* Base */,
			);
			name = LaunchScreen.storyboard;
			sourceTree = "<group>";
		};
/* End PBXVariantGroup section */

/* Begin XCBuildConfiguration section */
		81F93B1F224573FC0010C2BF /* Debug */ = {
			isa = XCBuildConfiguration;
			buildSettings = {
				ALWAYS_SEARCH_USER_PATHS = NO;
				CLANG_ANALYZER_NONNULL = YES;
				CLANG_ANALYZER_NUMBER_OBJECT_CONVERSION = YES_AGGRESSIVE;
				CLANG_CXX_LANGUAGE_STANDARD = "gnu++14";
				CLANG_CXX_LIBRARY = "libc++";
				CLANG_ENABLE_MODULES = YES;
				CLANG_ENABLE_OBJC_ARC = YES;
				CLANG_ENABLE_OBJC_WEAK = YES;
				CLANG_WARN_BLOCK_CAPTURE_AUTORELEASING = YES;
				CLANG_WARN_BOOL_CONVERSION = YES;
				CLANG_WARN_COMMA = YES;
				CLANG_WARN_CONSTANT_CONVERSION = YES;
				CLANG_WARN_DEPRECATED_OBJC_IMPLEMENTATIONS = YES;
				CLANG_WARN_DIRECT_OBJC_ISA_USAGE = YES_ERROR;
				CLANG_WARN_DOCUMENTATION_COMMENTS = YES;
				CLANG_WARN_EMPTY_BODY = YES;
				CLANG_WARN_ENUM_CONVERSION = YES;
				CLANG_WARN_INFINITE_RECURSION = YES;
				CLANG_WARN_INT_CONVERSION = YES;
				CLANG_WARN_NON_LITERAL_NULL_CONVERSION = YES;
				CLANG_WARN_OBJC_IMPLICIT_RETAIN_SELF = YES;
				CLANG_WARN_OBJC_LITERAL_CONVERSION = YES;
				CLANG_WARN_OBJC_ROOT_CLASS = YES_ERROR;
				CLANG_WARN_RANGE_LOOP_ANALYSIS = YES;
				CLANG_WARN_STRICT_PROTOTYPES = YES;
				CLANG_WARN_SUSPICIOUS_MOVE = YES;
				CLANG_WARN_UNGUARDED_AVAILABILITY = YES_AGGRESSIVE;
				CLANG_WARN_UNREACHABLE_CODE = YES;
				CLANG_WARN__DUPLICATE_METHOD_MATCH = YES;
				CODE_SIGN_IDENTITY = "iPhone Developer";
				COPY_PHASE_STRIP = NO;
				DEBUG_INFORMATION_FORMAT = dwarf;
				ENABLE_STRICT_OBJC_MSGSEND = YES;
				ENABLE_TESTABILITY = YES;
				GCC_C_LANGUAGE_STANDARD = gnu11;
				GCC_DYNAMIC_NO_PIC = NO;
				GCC_NO_COMMON_BLOCKS = YES;
				GCC_OPTIMIZATION_LEVEL = 0;
				GCC_PREPROCESSOR_DEFINITIONS = (
					"DEBUG=1",
					"$(inherited)",
				);
				GCC_WARN_64_TO_32_BIT_CONVERSION = YES;
				GCC_WARN_ABOUT_RETURN_TYPE = YES_ERROR;
				GCC_WARN_UNDECLARED_SELECTOR = YES;
				GCC_WARN_UNINITIALIZED_AUTOS = YES_AGGRESSIVE;
				GCC_WARN_UNUSED_FUNCTION = YES;
				GCC_WARN_UNUSED_VARIABLE = YES;
				IPHONEOS_DEPLOYMENT_TARGET = 12.1;
				MTL_ENABLE_DEBUG_INFO = INCLUDE_SOURCE;
				MTL_FAST_MATH = YES;
				ONLY_ACTIVE_ARCH = YES;
				SDKROOT = iphoneos;
				SWIFT_ACTIVE_COMPILATION_CONDITIONS = DEBUG;
				SWIFT_OPTIMIZATION_LEVEL = "-Onone";
			};
			name = Debug;
		};
		81F93B20224573FC0010C2BF /* Release */ = {
			isa = XCBuildConfiguration;
			buildSettings = {
				ALWAYS_SEARCH_USER_PATHS = NO;
				CLANG_ANALYZER_NONNULL = YES;
				CLANG_ANALYZER_NUMBER_OBJECT_CONVERSION = YES_AGGRESSIVE;
				CLANG_CXX_LANGUAGE_STANDARD = "gnu++14";
				CLANG_CXX_LIBRARY = "libc++";
				CLANG_ENABLE_MODULES = YES;
				CLANG_ENABLE_OBJC_ARC = YES;
				CLANG_ENABLE_OBJC_WEAK = YES;
				CLANG_WARN_BLOCK_CAPTURE_AUTORELEASING = YES;
				CLANG_WARN_BOOL_CONVERSION = YES;
				CLANG_WARN_COMMA = YES;
				CLANG_WARN_CONSTANT_CONVERSION = YES;
				CLANG_WARN_DEPRECATED_OBJC_IMPLEMENTATIONS = YES;
				CLANG_WARN_DIRECT_OBJC_ISA_USAGE = YES_ERROR;
				CLANG_WARN_DOCUMENTATION_COMMENTS = YES;
				CLANG_WARN_EMPTY_BODY = YES;
				CLANG_WARN_ENUM_CONVERSION = YES;
				CLANG_WARN_INFINITE_RECURSION = YES;
				CLANG_WARN_INT_CONVERSION = YES;
				CLANG_WARN_NON_LITERAL_NULL_CONVERSION = YES;
				CLANG_WARN_OBJC_IMPLICIT_RETAIN_SELF = YES;
				CLANG_WARN_OBJC_LITERAL_CONVERSION = YES;
				CLANG_WARN_OBJC_ROOT_CLASS = YES_ERROR;
				CLANG_WARN_RANGE_LOOP_ANALYSIS = YES;
				CLANG_WARN_STRICT_PROTOTYPES = YES;
				CLANG_WARN_SUSPICIOUS_MOVE = YES;
				CLANG_WARN_UNGUARDED_AVAILABILITY = YES_AGGRESSIVE;
				CLANG_WARN_UNREACHABLE_CODE = YES;
				CLANG_WARN__DUPLICATE_METHOD_MATCH = YES;
				CODE_SIGN_IDENTITY = "iPhone Developer";
				COPY_PHASE_STRIP = NO;
				DEBUG_INFORMATION_FORMAT = "dwarf-with-dsym";
				ENABLE_NS_ASSERTIONS = NO;
				ENABLE_STRICT_OBJC_MSGSEND = YES;
				GCC_C_LANGUAGE_STANDARD = gnu11;
				GCC_NO_COMMON_BLOCKS = YES;
				GCC_WARN_64_TO_32_BIT_CONVERSION = YES;
				GCC_WARN_ABOUT_RETURN_TYPE = YES_ERROR;
				GCC_WARN_UNDECLARED_SELECTOR = YES;
				GCC_WARN_UNINITIALIZED_AUTOS = YES_AGGRESSIVE;
				GCC_WARN_UNUSED_FUNCTION = YES;
				GCC_WARN_UNUSED_VARIABLE = YES;
				IPHONEOS_DEPLOYMENT_TARGET = 12.1;
				MTL_ENABLE_DEBUG_INFO = NO;
				MTL_FAST_MATH = YES;
				SDKROOT = iphoneos;
				SWIFT_COMPILATION_MODE = wholemodule;
				SWIFT_OPTIMIZATION_LEVEL = "-O";
				VALIDATE_PRODUCT = YES;
			};
			name = Release;
		};
		81F93B22224573FC0010C2BF /* Debug */ = {
			isa = XCBuildConfiguration;
			baseConfigurationReference = AF31F571CF0DC8A0FF6D1038 /* Pods-Autism.debug.xcconfig */;
			buildSettings = {
				ASSETCATALOG_COMPILER_APPICON_NAME = AppIcon;
				CODE_SIGN_STYLE = Automatic;
				DEVELOPMENT_TEAM = P7Q45HP436;
				INFOPLIST_FILE = Autism/Info.plist;
				IPHONEOS_DEPLOYMENT_TARGET = 12.0;
				LD_RUNPATH_SEARCH_PATHS = (
					"$(inherited)",
					"@executable_path/Frameworks",
				);
				PRODUCT_BUNDLE_IDENTIFIER = pk.Autism;
				PRODUCT_NAME = "$(TARGET_NAME)";
				SWIFT_VERSION = 4.2;
				TARGETED_DEVICE_FAMILY = "1,2";
			};
			name = Debug;
		};
		81F93B23224573FC0010C2BF /* Release */ = {
			isa = XCBuildConfiguration;
			baseConfigurationReference = 84FE88F4148113999455F782 /* Pods-Autism.release.xcconfig */;
			buildSettings = {
				ASSETCATALOG_COMPILER_APPICON_NAME = AppIcon;
				CODE_SIGN_STYLE = Automatic;
				DEVELOPMENT_TEAM = P7Q45HP436;
				INFOPLIST_FILE = Autism/Info.plist;
				IPHONEOS_DEPLOYMENT_TARGET = 12.0;
				LD_RUNPATH_SEARCH_PATHS = (
					"$(inherited)",
					"@executable_path/Frameworks",
				);
				PRODUCT_BUNDLE_IDENTIFIER = pk.Autism;
				PRODUCT_NAME = "$(TARGET_NAME)";
				SWIFT_VERSION = 4.2;
				TARGETED_DEVICE_FAMILY = "1,2";
			};
			name = Release;
		};
		81F93B25224573FC0010C2BF /* Debug */ = {
			isa = XCBuildConfiguration;
			baseConfigurationReference = 9C3A51F05034ED06FCFD80B9 /* Pods-AutismTests.debug.xcconfig */;
			buildSettings = {
				ALWAYS_EMBED_SWIFT_STANDARD_LIBRARIES = YES;
				BUNDLE_LOADER = "$(TEST_HOST)";
				CODE_SIGN_STYLE = Automatic;
				DEVELOPMENT_TEAM = P7Q45HP436;
				INFOPLIST_FILE = AutismTests/Info.plist;
				LD_RUNPATH_SEARCH_PATHS = (
					"$(inherited)",
					"@executable_path/Frameworks",
					"@loader_path/Frameworks",
				);
				PRODUCT_BUNDLE_IDENTIFIER = pk.AutismTests;
				PRODUCT_NAME = "$(TARGET_NAME)";
				SWIFT_VERSION = 4.2;
				TARGETED_DEVICE_FAMILY = "1,2";
				TEST_HOST = "$(BUILT_PRODUCTS_DIR)/Autism.app/Autism";
			};
			name = Debug;
		};
		81F93B26224573FC0010C2BF /* Release */ = {
			isa = XCBuildConfiguration;
			baseConfigurationReference = D8BF4200C606A6D4C83C5348 /* Pods-AutismTests.release.xcconfig */;
			buildSettings = {
				ALWAYS_EMBED_SWIFT_STANDARD_LIBRARIES = YES;
				BUNDLE_LOADER = "$(TEST_HOST)";
				CODE_SIGN_STYLE = Automatic;
				DEVELOPMENT_TEAM = P7Q45HP436;
				INFOPLIST_FILE = AutismTests/Info.plist;
				LD_RUNPATH_SEARCH_PATHS = (
					"$(inherited)",
					"@executable_path/Frameworks",
					"@loader_path/Frameworks",
				);
				PRODUCT_BUNDLE_IDENTIFIER = pk.AutismTests;
				PRODUCT_NAME = "$(TARGET_NAME)";
				SWIFT_VERSION = 4.2;
				TARGETED_DEVICE_FAMILY = "1,2";
				TEST_HOST = "$(BUILT_PRODUCTS_DIR)/Autism.app/Autism";
			};
			name = Release;
		};
		81F93B28224573FC0010C2BF /* Debug */ = {
			isa = XCBuildConfiguration;
			baseConfigurationReference = D6270ABFB8F5E3EAA62CE04A /* Pods-AutismUITests.debug.xcconfig */;
			buildSettings = {
				ALWAYS_EMBED_SWIFT_STANDARD_LIBRARIES = YES;
				CODE_SIGN_STYLE = Automatic;
				DEVELOPMENT_TEAM = P7Q45HP436;
				INFOPLIST_FILE = AutismUITests/Info.plist;
				LD_RUNPATH_SEARCH_PATHS = (
					"$(inherited)",
					"@executable_path/Frameworks",
					"@loader_path/Frameworks",
				);
				PRODUCT_BUNDLE_IDENTIFIER = pk.AutismUITests;
				PRODUCT_NAME = "$(TARGET_NAME)";
				SWIFT_VERSION = 4.2;
				TARGETED_DEVICE_FAMILY = "1,2";
				TEST_TARGET_NAME = Autism;
			};
			name = Debug;
		};
		81F93B29224573FC0010C2BF /* Release */ = {
			isa = XCBuildConfiguration;
			baseConfigurationReference = 24B530E1B6C2666B705809C6 /* Pods-AutismUITests.release.xcconfig */;
			buildSettings = {
				ALWAYS_EMBED_SWIFT_STANDARD_LIBRARIES = YES;
				CODE_SIGN_STYLE = Automatic;
				DEVELOPMENT_TEAM = P7Q45HP436;
				INFOPLIST_FILE = AutismUITests/Info.plist;
				LD_RUNPATH_SEARCH_PATHS = (
					"$(inherited)",
					"@executable_path/Frameworks",
					"@loader_path/Frameworks",
				);
				PRODUCT_BUNDLE_IDENTIFIER = pk.AutismUITests;
				PRODUCT_NAME = "$(TARGET_NAME)";
				SWIFT_VERSION = 4.2;
				TARGETED_DEVICE_FAMILY = "1,2";
				TEST_TARGET_NAME = Autism;
			};
			name = Release;
		};
/* End XCBuildConfiguration section */

/* Begin XCConfigurationList section */
		81F93AF1224573FA0010C2BF /* Build configuration list for PBXProject "DayDream" */ = {
			isa = XCConfigurationList;
			buildConfigurations = (
				81F93B1F224573FC0010C2BF /* Debug */,
				81F93B20224573FC0010C2BF /* Release */,
			);
			defaultConfigurationIsVisible = 0;
			defaultConfigurationName = Release;
		};
		81F93B21224573FC0010C2BF /* Build configuration list for PBXNativeTarget "Autism" */ = {
			isa = XCConfigurationList;
			buildConfigurations = (
				81F93B22224573FC0010C2BF /* Debug */,
				81F93B23224573FC0010C2BF /* Release */,
			);
			defaultConfigurationIsVisible = 0;
			defaultConfigurationName = Release;
		};
		81F93B24224573FC0010C2BF /* Build configuration list for PBXNativeTarget "AutismTests" */ = {
			isa = XCConfigurationList;
			buildConfigurations = (
				81F93B25224573FC0010C2BF /* Debug */,
				81F93B26224573FC0010C2BF /* Release */,
			);
			defaultConfigurationIsVisible = 0;
			defaultConfigurationName = Release;
		};
		81F93B27224573FC0010C2BF /* Build configuration list for PBXNativeTarget "AutismUITests" */ = {
			isa = XCConfigurationList;
			buildConfigurations = (
				81F93B28224573FC0010C2BF /* Debug */,
				81F93B29224573FC0010C2BF /* Release */,
			);
			defaultConfigurationIsVisible = 0;
			defaultConfigurationName = Release;
		};
/* End XCConfigurationList section */

/* Begin XCVersionGroup section */
		81F93B00224573FA0010C2BF /* Autism.xcdatamodeld */ = {
			isa = XCVersionGroup;
			children = (
				81F93B01224573FA0010C2BF /* Autism.xcdatamodel */,
			);
			currentVersion = 81F93B01224573FA0010C2BF /* Autism.xcdatamodel */;
			path = Autism.xcdatamodeld;
			sourceTree = "<group>";
			versionGroupType = wrapper.xcdatamodel;
		};
/* End XCVersionGroup section */
	};
	rootObject = 81F93AEE224573FA0010C2BF /* Project object */;
}
